// !$*UTF8*$!
{
	archiveVersion = 1;
	classes = {
	};
	objectVersion = 50;
	objects = {

/* Begin PBXBuildFile section */
		3BAEEF93265E9BC40006E415 /* ProjectSY2App.swift in Sources */ = {isa = PBXBuildFile; fileRef = 3BAEEF92265E9BC40006E415 /* ProjectSY2App.swift */; };
		3BAEEF95265E9BC40006E415 /* ContentView.swift in Sources */ = {isa = PBXBuildFile; fileRef = 3BAEEF94265E9BC40006E415 /* ContentView.swift */; };
		3BAEEF97265E9BC70006E415 /* Assets.xcassets in Resources */ = {isa = PBXBuildFile; fileRef = 3BAEEF96265E9BC70006E415 /* Assets.xcassets */; };
		3BAEEF9A265E9BC70006E415 /* Preview Assets.xcassets in Resources */ = {isa = PBXBuildFile; fileRef = 3BAEEF99265E9BC70006E415 /* Preview Assets.xcassets */; };
		3BAEEF9C265E9BC70006E415 /* Persistence.swift in Sources */ = {isa = PBXBuildFile; fileRef = 3BAEEF9B265E9BC70006E415 /* Persistence.swift */; };
		3BAEEF9F265E9BC70006E415 /* ProjectSY2.xcdatamodeld in Sources */ = {isa = PBXBuildFile; fileRef = 3BAEEF9D265E9BC70006E415 /* ProjectSY2.xcdatamodeld */; };
		3BAEEFAA265E9BC70006E415 /* ProjectSY2Tests.swift in Sources */ = {isa = PBXBuildFile; fileRef = 3BAEEFA9265E9BC70006E415 /* ProjectSY2Tests.swift */; };
		3BAEEFB5265E9BC70006E415 /* ProjectSY2UITests.swift in Sources */ = {isa = PBXBuildFile; fileRef = 3BAEEFB4265E9BC70006E415 /* ProjectSY2UITests.swift */; };
		3BAEEFC9265EA00A0006E415 /* IngredientListView.swift in Sources */ = {isa = PBXBuildFile; fileRef = 3BAEEFC8265EA00A0006E415 /* IngredientListView.swift */; };
		3BAEEFCD265EA3B90006E415 /* IngredientAdditionView.swift in Sources */ = {isa = PBXBuildFile; fileRef = 3BAEEFCC265EA3B90006E415 /* IngredientAdditionView.swift */; };
		3BAEEFD0265EA70F0006E415 /* SubmitButtonView.swift in Sources */ = {isa = PBXBuildFile; fileRef = 3BAEEFCF265EA70F0006E415 /* SubmitButtonView.swift */; };
		3BAEEFD2265EDFE10006E415 /* ContainerListView.swift in Sources */ = {isa = PBXBuildFile; fileRef = 3BAEEFD1265EDFE10006E415 /* ContainerListView.swift */; };
		3BAEEFD4265EDFEE0006E415 /* ContainerAdditionView.swift in Sources */ = {isa = PBXBuildFile; fileRef = 3BAEEFD3265EDFEE0006E415 /* ContainerAdditionView.swift */; };
		3BAEEFD6265EE0150006E415 /* ProductContainerListView.swift in Sources */ = {isa = PBXBuildFile; fileRef = 3BAEEFD5265EE0150006E415 /* ProductContainerListView.swift */; };
		3BAEEFDC265EE51F0006E415 /* OperationListView.swift in Sources */ = {isa = PBXBuildFile; fileRef = 3BAEEFDB265EE51F0006E415 /* OperationListView.swift */; };
		3BAEEFE0265EEDA40006E415 /* ProductContainerAdditionView.swift in Sources */ = {isa = PBXBuildFile; fileRef = 3BAEEFDF265EEDA40006E415 /* ProductContainerAdditionView.swift */; };
		3BBF0006265F3BB900EDE488 /* OperationEditingView.swift in Sources */ = {isa = PBXBuildFile; fileRef = 3BBF0005265F3BB900EDE488 /* OperationEditingView.swift */; };
		3BBF0008265F41C300EDE488 /* DrinkMakerView.swift in Sources */ = {isa = PBXBuildFile; fileRef = 3BBF0007265F41C300EDE488 /* DrinkMakerView.swift */; };
		3BBF000A265F4C4200EDE488 /* DrinkMakerController.swift in Sources */ = {isa = PBXBuildFile; fileRef = 3BBF0009265F4C4200EDE488 /* DrinkMakerController.swift */; };
/* End PBXBuildFile section */

/* Begin PBXContainerItemProxy section */
		3BAEEFA6265E9BC70006E415 /* PBXContainerItemProxy */ = {
			isa = PBXContainerItemProxy;
			containerPortal = 3BAEEF87265E9BC40006E415 /* Project object */;
			proxyType = 1;
			remoteGlobalIDString = 3BAEEF8E265E9BC40006E415;
			remoteInfo = ProjectSY2;
		};
		3BAEEFB1265E9BC70006E415 /* PBXContainerItemProxy */ = {
			isa = PBXContainerItemProxy;
			containerPortal = 3BAEEF87265E9BC40006E415 /* Project object */;
			proxyType = 1;
			remoteGlobalIDString = 3BAEEF8E265E9BC40006E415;
			remoteInfo = ProjectSY2;
		};
/* End PBXContainerItemProxy section */

/* Begin PBXFileReference section */
		3BAEEF8F265E9BC40006E415 /* ProjectSY2.app */ = {isa = PBXFileReference; explicitFileType = wrapper.application; includeInIndex = 0; path = ProjectSY2.app; sourceTree = BUILT_PRODUCTS_DIR; };
		3BAEEF92265E9BC40006E415 /* ProjectSY2App.swift */ = {isa = PBXFileReference; lastKnownFileType = sourcecode.swift; path = ProjectSY2App.swift; sourceTree = "<group>"; };
		3BAEEF94265E9BC40006E415 /* ContentView.swift */ = {isa = PBXFileReference; lastKnownFileType = sourcecode.swift; path = ContentView.swift; sourceTree = "<group>"; };
		3BAEEF96265E9BC70006E415 /* Assets.xcassets */ = {isa = PBXFileReference; lastKnownFileType = folder.assetcatalog; path = Assets.xcassets; sourceTree = "<group>"; };
		3BAEEF99265E9BC70006E415 /* Preview Assets.xcassets */ = {isa = PBXFileReference; lastKnownFileType = folder.assetcatalog; path = "Preview Assets.xcassets"; sourceTree = "<group>"; };
		3BAEEF9B265E9BC70006E415 /* Persistence.swift */ = {isa = PBXFileReference; lastKnownFileType = sourcecode.swift; path = Persistence.swift; sourceTree = "<group>"; };
		3BAEEF9E265E9BC70006E415 /* ProjectSY2.xcdatamodel */ = {isa = PBXFileReference; lastKnownFileType = wrapper.xcdatamodel; path = ProjectSY2.xcdatamodel; sourceTree = "<group>"; };
		3BAEEFA0265E9BC70006E415 /* Info.plist */ = {isa = PBXFileReference; lastKnownFileType = text.plist.xml; path = Info.plist; sourceTree = "<group>"; };
		3BAEEFA5265E9BC70006E415 /* ProjectSY2Tests.xctest */ = {isa = PBXFileReference; explicitFileType = wrapper.cfbundle; includeInIndex = 0; path = ProjectSY2Tests.xctest; sourceTree = BUILT_PRODUCTS_DIR; };
		3BAEEFA9265E9BC70006E415 /* ProjectSY2Tests.swift */ = {isa = PBXFileReference; lastKnownFileType = sourcecode.swift; path = ProjectSY2Tests.swift; sourceTree = "<group>"; };
		3BAEEFAB265E9BC70006E415 /* Info.plist */ = {isa = PBXFileReference; lastKnownFileType = text.plist.xml; path = Info.plist; sourceTree = "<group>"; };
		3BAEEFB0265E9BC70006E415 /* ProjectSY2UITests.xctest */ = {isa = PBXFileReference; explicitFileType = wrapper.cfbundle; includeInIndex = 0; path = ProjectSY2UITests.xctest; sourceTree = BUILT_PRODUCTS_DIR; };
		3BAEEFB4265E9BC70006E415 /* ProjectSY2UITests.swift */ = {isa = PBXFileReference; lastKnownFileType = sourcecode.swift; path = ProjectSY2UITests.swift; sourceTree = "<group>"; };
		3BAEEFB6265E9BC70006E415 /* Info.plist */ = {isa = PBXFileReference; lastKnownFileType = text.plist.xml; path = Info.plist; sourceTree = "<group>"; };
		3BAEEFC8265EA00A0006E415 /* IngredientListView.swift */ = {isa = PBXFileReference; lastKnownFileType = sourcecode.swift; path = IngredientListView.swift; sourceTree = "<group>"; };
		3BAEEFCC265EA3B90006E415 /* IngredientAdditionView.swift */ = {isa = PBXFileReference; lastKnownFileType = sourcecode.swift; path = IngredientAdditionView.swift; sourceTree = "<group>"; };
		3BAEEFCF265EA70F0006E415 /* SubmitButtonView.swift */ = {isa = PBXFileReference; lastKnownFileType = sourcecode.swift; path = SubmitButtonView.swift; sourceTree = "<group>"; };
		3BAEEFD1265EDFE10006E415 /* ContainerListView.swift */ = {isa = PBXFileReference; lastKnownFileType = sourcecode.swift; path = ContainerListView.swift; sourceTree = "<group>"; };
		3BAEEFD3265EDFEE0006E415 /* ContainerAdditionView.swift */ = {isa = PBXFileReference; lastKnownFileType = sourcecode.swift; path = ContainerAdditionView.swift; sourceTree = "<group>"; };
		3BAEEFD5265EE0150006E415 /* ProductContainerListView.swift */ = {isa = PBXFileReference; lastKnownFileType = sourcecode.swift; path = ProductContainerListView.swift; sourceTree = "<group>"; };
		3BAEEFDB265EE51F0006E415 /* OperationListView.swift */ = {isa = PBXFileReference; lastKnownFileType = sourcecode.swift; path = OperationListView.swift; sourceTree = "<group>"; };
		3BAEEFDF265EEDA40006E415 /* ProductContainerAdditionView.swift */ = {isa = PBXFileReference; lastKnownFileType = sourcecode.swift; path = ProductContainerAdditionView.swift; sourceTree = "<group>"; };
		3BBF0005265F3BB900EDE488 /* OperationEditingView.swift */ = {isa = PBXFileReference; lastKnownFileType = sourcecode.swift; path = OperationEditingView.swift; sourceTree = "<group>"; };
		3BBF0007265F41C300EDE488 /* DrinkMakerView.swift */ = {isa = PBXFileReference; lastKnownFileType = sourcecode.swift; path = DrinkMakerView.swift; sourceTree = "<group>"; };
		3BBF0009265F4C4200EDE488 /* DrinkMakerController.swift */ = {isa = PBXFileReference; lastKnownFileType = sourcecode.swift; path = DrinkMakerController.swift; sourceTree = "<group>"; };
/* End PBXFileReference section */

/* Begin PBXFrameworksBuildPhase section */
		3BAEEF8C265E9BC40006E415 /* Frameworks */ = {
			isa = PBXFrameworksBuildPhase;
			buildActionMask = 2147483647;
			files = (
			);
			runOnlyForDeploymentPostprocessing = 0;
		};
		3BAEEFA2265E9BC70006E415 /* Frameworks */ = {
			isa = PBXFrameworksBuildPhase;
			buildActionMask = 2147483647;
			files = (
			);
			runOnlyForDeploymentPostprocessing = 0;
		};
		3BAEEFAD265E9BC70006E415 /* Frameworks */ = {
			isa = PBXFrameworksBuildPhase;
			buildActionMask = 2147483647;
			files = (
			);
			runOnlyForDeploymentPostprocessing = 0;
		};
/* End PBXFrameworksBuildPhase section */

/* Begin PBXGroup section */
		3BAEEF86265E9BC40006E415 = {
			isa = PBXGroup;
			children = (
				3BAEEF91265E9BC40006E415 /* ProjectSY2 */,
				3BAEEFA8265E9BC70006E415 /* ProjectSY2Tests */,
				3BAEEFB3265E9BC70006E415 /* ProjectSY2UITests */,
				3BAEEF90265E9BC40006E415 /* Products */,
			);
			sourceTree = "<group>";
		};
		3BAEEF90265E9BC40006E415 /* Products */ = {
			isa = PBXGroup;
			children = (
				3BAEEF8F265E9BC40006E415 /* ProjectSY2.app */,
				3BAEEFA5265E9BC70006E415 /* ProjectSY2Tests.xctest */,
				3BAEEFB0265E9BC70006E415 /* ProjectSY2UITests.xctest */,
			);
			name = Products;
			sourceTree = "<group>";
		};
		3BAEEF91265E9BC40006E415 /* ProjectSY2 */ = {
			isa = PBXGroup;
			children = (
				3BAEEFC3265E9EAB0006E415 /* View */,
				3BAEEFC2265E9EA70006E415 /* Core */,
				3BAEEF92265E9BC40006E415 /* ProjectSY2App.swift */,
				3BAEEF94265E9BC40006E415 /* ContentView.swift */,
				3BAEEF96265E9BC70006E415 /* Assets.xcassets */,
				3BAEEF9B265E9BC70006E415 /* Persistence.swift */,
				3BAEEFA0265E9BC70006E415 /* Info.plist */,
				3BAEEF9D265E9BC70006E415 /* ProjectSY2.xcdatamodeld */,
				3BAEEF98265E9BC70006E415 /* Preview Content */,
			);
			path = ProjectSY2;
			sourceTree = "<group>";
		};
		3BAEEF98265E9BC70006E415 /* Preview Content */ = {
			isa = PBXGroup;
			children = (
				3BAEEF99265E9BC70006E415 /* Preview Assets.xcassets */,
			);
			path = "Preview Content";
			sourceTree = "<group>";
		};
		3BAEEFA8265E9BC70006E415 /* ProjectSY2Tests */ = {
			isa = PBXGroup;
			children = (
				3BAEEFA9265E9BC70006E415 /* ProjectSY2Tests.swift */,
				3BAEEFAB265E9BC70006E415 /* Info.plist */,
			);
			path = ProjectSY2Tests;
			sourceTree = "<group>";
		};
		3BAEEFB3265E9BC70006E415 /* ProjectSY2UITests */ = {
			isa = PBXGroup;
			children = (
				3BAEEFB4265E9BC70006E415 /* ProjectSY2UITests.swift */,
				3BAEEFB6265E9BC70006E415 /* Info.plist */,
			);
			path = ProjectSY2UITests;
			sourceTree = "<group>";
		};
		3BAEEFC2265E9EA70006E415 /* Core */ = {
			isa = PBXGroup;
			children = (
				3BBF0009265F4C4200EDE488 /* DrinkMakerController.swift */,
			);
			path = Core;
			sourceTree = "<group>";
		};
		3BAEEFC3265E9EAB0006E415 /* View */ = {
			isa = PBXGroup;
			children = (
				3BAEEFCE265EA7000006E415 /* Utils */,
				3BAEEFC7265E9FDB0006E415 /* DrinkMaker */,
				3BAEEFD9265EE4FF0006E415 /* Operation */,
				3BAEEFC6265E9FD60006E415 /* Container */,
				3BAEEFC5265E9FCE0006E415 /* ProductContainer */,
				3BAEEFC4265E9FC50006E415 /* Ingredient */,
			);
			path = View;
			sourceTree = "<group>";
		};
		3BAEEFC4265E9FC50006E415 /* Ingredient */ = {
			isa = PBXGroup;
			children = (
				3BAEEFC8265EA00A0006E415 /* IngredientListView.swift */,
				3BAEEFCC265EA3B90006E415 /* IngredientAdditionView.swift */,
			);
			path = Ingredient;
			sourceTree = "<group>";
		};
		3BAEEFC5265E9FCE0006E415 /* ProductContainer */ = {
			isa = PBXGroup;
			children = (
				3BAEEFD5265EE0150006E415 /* ProductContainerListView.swift */,
				3BAEEFDF265EEDA40006E415 /* ProductContainerAdditionView.swift */,
			);
			path = ProductContainer;
			sourceTree = "<group>";
		};
		3BAEEFC6265E9FD60006E415 /* Container */ = {
			isa = PBXGroup;
			children = (
				3BAEEFD1265EDFE10006E415 /* ContainerListView.swift */,
				3BAEEFD3265EDFEE0006E415 /* ContainerAdditionView.swift */,
			);
			path = Container;
			sourceTree = "<group>";
		};
		3BAEEFC7265E9FDB0006E415 /* DrinkMaker */ = {
			isa = PBXGroup;
			children = (
				3BBF0007265F41C300EDE488 /* DrinkMakerView.swift */,
			);
			path = DrinkMaker;
			sourceTree = "<group>";
		};
		3BAEEFCE265EA7000006E415 /* Utils */ = {
			isa = PBXGroup;
			children = (
				3BAEEFCF265EA70F0006E415 /* SubmitButtonView.swift */,
			);
			path = Utils;
			sourceTree = "<group>";
		};
		3BAEEFD9265EE4FF0006E415 /* Operation */ = {
			isa = PBXGroup;
			children = (
				3BAEEFDB265EE51F0006E415 /* OperationListView.swift */,
				3BBF0005265F3BB900EDE488 /* OperationEditingView.swift */,
			);
			path = Operation;
			sourceTree = "<group>";
		};
/* End PBXGroup section */

/* Begin PBXNativeTarget section */
		3BAEEF8E265E9BC40006E415 /* ProjectSY2 */ = {
			isa = PBXNativeTarget;
			buildConfigurationList = 3BAEEFB9265E9BC70006E415 /* Build configuration list for PBXNativeTarget "ProjectSY2" */;
			buildPhases = (
				3BAEEF8B265E9BC40006E415 /* Sources */,
				3BAEEF8C265E9BC40006E415 /* Frameworks */,
				3BAEEF8D265E9BC40006E415 /* Resources */,
			);
			buildRules = (
			);
			dependencies = (
			);
			name = ProjectSY2;
			productName = ProjectSY2;
			productReference = 3BAEEF8F265E9BC40006E415 /* ProjectSY2.app */;
			productType = "com.apple.product-type.application";
		};
		3BAEEFA4265E9BC70006E415 /* ProjectSY2Tests */ = {
			isa = PBXNativeTarget;
			buildConfigurationList = 3BAEEFBC265E9BC70006E415 /* Build configuration list for PBXNativeTarget "ProjectSY2Tests" */;
			buildPhases = (
				3BAEEFA1265E9BC70006E415 /* Sources */,
				3BAEEFA2265E9BC70006E415 /* Frameworks */,
				3BAEEFA3265E9BC70006E415 /* Resources */,
			);
			buildRules = (
			);
			dependencies = (
				3BAEEFA7265E9BC70006E415 /* PBXTargetDependency */,
			);
			name = ProjectSY2Tests;
			productName = ProjectSY2Tests;
			productReference = 3BAEEFA5265E9BC70006E415 /* ProjectSY2Tests.xctest */;
			productType = "com.apple.product-type.bundle.unit-test";
		};
		3BAEEFAF265E9BC70006E415 /* ProjectSY2UITests */ = {
			isa = PBXNativeTarget;
			buildConfigurationList = 3BAEEFBF265E9BC70006E415 /* Build configuration list for PBXNativeTarget "ProjectSY2UITests" */;
			buildPhases = (
				3BAEEFAC265E9BC70006E415 /* Sources */,
				3BAEEFAD265E9BC70006E415 /* Frameworks */,
				3BAEEFAE265E9BC70006E415 /* Resources */,
			);
			buildRules = (
			);
			dependencies = (
				3BAEEFB2265E9BC70006E415 /* PBXTargetDependency */,
			);
			name = ProjectSY2UITests;
			productName = ProjectSY2UITests;
			productReference = 3BAEEFB0265E9BC70006E415 /* ProjectSY2UITests.xctest */;
			productType = "com.apple.product-type.bundle.ui-testing";
		};
/* End PBXNativeTarget section */

/* Begin PBXProject section */
		3BAEEF87265E9BC40006E415 /* Project object */ = {
			isa = PBXProject;
			attributes = {
				LastSwiftUpdateCheck = 1250;
				LastUpgradeCheck = 1250;
				TargetAttributes = {
					3BAEEF8E265E9BC40006E415 = {
						CreatedOnToolsVersion = 12.5;
					};
					3BAEEFA4265E9BC70006E415 = {
						CreatedOnToolsVersion = 12.5;
						TestTargetID = 3BAEEF8E265E9BC40006E415;
					};
					3BAEEFAF265E9BC70006E415 = {
						CreatedOnToolsVersion = 12.5;
						TestTargetID = 3BAEEF8E265E9BC40006E415;
					};
				};
			};
			buildConfigurationList = 3BAEEF8A265E9BC40006E415 /* Build configuration list for PBXProject "ProjectSY2" */;
			compatibilityVersion = "Xcode 9.3";
			developmentRegion = en;
			hasScannedForEncodings = 0;
			knownRegions = (
				en,
				Base,
			);
			mainGroup = 3BAEEF86265E9BC40006E415;
			productRefGroup = 3BAEEF90265E9BC40006E415 /* Products */;
			projectDirPath = "";
			projectRoot = "";
			targets = (
				3BAEEF8E265E9BC40006E415 /* ProjectSY2 */,
				3BAEEFA4265E9BC70006E415 /* ProjectSY2Tests */,
				3BAEEFAF265E9BC70006E415 /* ProjectSY2UITests */,
			);
		};
/* End PBXProject section */

/* Begin PBXResourcesBuildPhase section */
		3BAEEF8D265E9BC40006E415 /* Resources */ = {
			isa = PBXResourcesBuildPhase;
			buildActionMask = 2147483647;
			files = (
				3BAEEF9A265E9BC70006E415 /* Preview Assets.xcassets in Resources */,
				3BAEEF97265E9BC70006E415 /* Assets.xcassets in Resources */,
			);
			runOnlyForDeploymentPostprocessing = 0;
		};
		3BAEEFA3265E9BC70006E415 /* Resources */ = {
			isa = PBXResourcesBuildPhase;
			buildActionMask = 2147483647;
			files = (
			);
			runOnlyForDeploymentPostprocessing = 0;
		};
		3BAEEFAE265E9BC70006E415 /* Resources */ = {
			isa = PBXResourcesBuildPhase;
			buildActionMask = 2147483647;
			files = (
			);
			runOnlyForDeploymentPostprocessing = 0;
		};
/* End PBXResourcesBuildPhase section */

/* Begin PBXSourcesBuildPhase section */
		3BAEEF8B265E9BC40006E415 /* Sources */ = {
			isa = PBXSourcesBuildPhase;
			buildActionMask = 2147483647;
			files = (
				3BAEEFD0265EA70F0006E415 /* SubmitButtonView.swift in Sources */,
				3BAEEFC9265EA00A0006E415 /* IngredientListView.swift in Sources */,
				3BBF0008265F41C300EDE488 /* DrinkMakerView.swift in Sources */,
				3BAEEFDC265EE51F0006E415 /* OperationListView.swift in Sources */,
				3BBF0006265F3BB900EDE488 /* OperationEditingView.swift in Sources */,
				3BAEEFD4265EDFEE0006E415 /* ContainerAdditionView.swift in Sources */,
				3BAEEF9F265E9BC70006E415 /* ProjectSY2.xcdatamodeld in Sources */,
				3BAEEF9C265E9BC70006E415 /* Persistence.swift in Sources */,
				3BAEEFD2265EDFE10006E415 /* ContainerListView.swift in Sources */,
				3BAEEFCD265EA3B90006E415 /* IngredientAdditionView.swift in Sources */,
				3BAEEF95265E9BC40006E415 /* ContentView.swift in Sources */,
				3BBF000A265F4C4200EDE488 /* DrinkMakerController.swift in Sources */,
				3BAEEFD6265EE0150006E415 /* ProductContainerListView.swift in Sources */,
				3BAEEF93265E9BC40006E415 /* ProjectSY2App.swift in Sources */,
				3BAEEFE0265EEDA40006E415 /* ProductContainerAdditionView.swift in Sources */,
			);
			runOnlyForDeploymentPostprocessing = 0;
		};
		3BAEEFA1265E9BC70006E415 /* Sources */ = {
			isa = PBXSourcesBuildPhase;
			buildActionMask = 2147483647;
			files = (
				3BAEEFAA265E9BC70006E415 /* ProjectSY2Tests.swift in Sources */,
			);
			runOnlyForDeploymentPostprocessing = 0;
		};
		3BAEEFAC265E9BC70006E415 /* Sources */ = {
			isa = PBXSourcesBuildPhase;
			buildActionMask = 2147483647;
			files = (
				3BAEEFB5265E9BC70006E415 /* ProjectSY2UITests.swift in Sources */,
			);
			runOnlyForDeploymentPostprocessing = 0;
		};
/* End PBXSourcesBuildPhase section */

/* Begin PBXTargetDependency section */
		3BAEEFA7265E9BC70006E415 /* PBXTargetDependency */ = {
			isa = PBXTargetDependency;
			target = 3BAEEF8E265E9BC40006E415 /* ProjectSY2 */;
			targetProxy = 3BAEEFA6265E9BC70006E415 /* PBXContainerItemProxy */;
		};
		3BAEEFB2265E9BC70006E415 /* PBXTargetDependency */ = {
			isa = PBXTargetDependency;
			target = 3BAEEF8E265E9BC40006E415 /* ProjectSY2 */;
			targetProxy = 3BAEEFB1265E9BC70006E415 /* PBXContainerItemProxy */;
		};
/* End PBXTargetDependency section */

/* Begin XCBuildConfiguration section */
		3BAEEFB7265E9BC70006E415 /* Debug */ = {
			isa = XCBuildConfiguration;
			buildSettings = {
				ALWAYS_SEARCH_USER_PATHS = NO;
				CLANG_ANALYZER_NONNULL = YES;
				CLANG_ANALYZER_NUMBER_OBJECT_CONVERSION = YES_AGGRESSIVE;
				CLANG_CXX_LANGUAGE_STANDARD = "gnu++14";
				CLANG_CXX_LIBRARY = "libc++";
				CLANG_ENABLE_MODULES = YES;
				CLANG_ENABLE_OBJC_ARC = YES;
				CLANG_ENABLE_OBJC_WEAK = YES;
				CLANG_WARN_BLOCK_CAPTURE_AUTORELEASING = YES;
				CLANG_WARN_BOOL_CONVERSION = YES;
				CLANG_WARN_COMMA = YES;
				CLANG_WARN_CONSTANT_CONVERSION = YES;
				CLANG_WARN_DEPRECATED_OBJC_IMPLEMENTATIONS = YES;
				CLANG_WARN_DIRECT_OBJC_ISA_USAGE = YES_ERROR;
				CLANG_WARN_DOCUMENTATION_COMMENTS = YES;
				CLANG_WARN_EMPTY_BODY = YES;
				CLANG_WARN_ENUM_CONVERSION = YES;
				CLANG_WARN_INFINITE_RECURSION = YES;
				CLANG_WARN_INT_CONVERSION = YES;
				CLANG_WARN_NON_LITERAL_NULL_CONVERSION = YES;
				CLANG_WARN_OBJC_IMPLICIT_RETAIN_SELF = YES;
				CLANG_WARN_OBJC_LITERAL_CONVERSION = YES;
				CLANG_WARN_OBJC_ROOT_CLASS = YES_ERROR;
				CLANG_WARN_QUOTED_INCLUDE_IN_FRAMEWORK_HEADER = YES;
				CLANG_WARN_RANGE_LOOP_ANALYSIS = YES;
				CLANG_WARN_STRICT_PROTOTYPES = YES;
				CLANG_WARN_SUSPICIOUS_MOVE = YES;
				CLANG_WARN_UNGUARDED_AVAILABILITY = YES_AGGRESSIVE;
				CLANG_WARN_UNREACHABLE_CODE = YES;
				CLANG_WARN__DUPLICATE_METHOD_MATCH = YES;
				COPY_PHASE_STRIP = NO;
				DEBUG_INFORMATION_FORMAT = dwarf;
				ENABLE_STRICT_OBJC_MSGSEND = YES;
				ENABLE_TESTABILITY = YES;
				GCC_C_LANGUAGE_STANDARD = gnu11;
				GCC_DYNAMIC_NO_PIC = NO;
				GCC_NO_COMMON_BLOCKS = YES;
				GCC_OPTIMIZATION_LEVEL = 0;
				GCC_PREPROCESSOR_DEFINITIONS = (
					"DEBUG=1",
					"$(inherited)",
				);
				GCC_WARN_64_TO_32_BIT_CONVERSION = YES;
				GCC_WARN_ABOUT_RETURN_TYPE = YES_ERROR;
				GCC_WARN_UNDECLARED_SELECTOR = YES;
				GCC_WARN_UNINITIALIZED_AUTOS = YES_AGGRESSIVE;
				GCC_WARN_UNUSED_FUNCTION = YES;
				GCC_WARN_UNUSED_VARIABLE = YES;
				IPHONEOS_DEPLOYMENT_TARGET = 14.5;
				MTL_ENABLE_DEBUG_INFO = INCLUDE_SOURCE;
				MTL_FAST_MATH = YES;
				ONLY_ACTIVE_ARCH = YES;
				SDKROOT = iphoneos;
				SWIFT_ACTIVE_COMPILATION_CONDITIONS = DEBUG;
				SWIFT_OPTIMIZATION_LEVEL = "-Onone";
			};
			name = Debug;
		};
		3BAEEFB8265E9BC70006E415 /* Release */ = {
			isa = XCBuildConfiguration;
			buildSettings = {
				ALWAYS_SEARCH_USER_PATHS = NO;
				CLANG_ANALYZER_NONNULL = YES;
				CLANG_ANALYZER_NUMBER_OBJECT_CONVERSION = YES_AGGRESSIVE;
				CLANG_CXX_LANGUAGE_STANDARD = "gnu++14";
				CLANG_CXX_LIBRARY = "libc++";
				CLANG_ENABLE_MODULES = YES;
				CLANG_ENABLE_OBJC_ARC = YES;
				CLANG_ENABLE_OBJC_WEAK = YES;
				CLANG_WARN_BLOCK_CAPTURE_AUTORELEASING = YES;
				CLANG_WARN_BOOL_CONVERSION = YES;
				CLANG_WARN_COMMA = YES;
				CLANG_WARN_CONSTANT_CONVERSION = YES;
				CLANG_WARN_DEPRECATED_OBJC_IMPLEMENTATIONS = YES;
				CLANG_WARN_DIRECT_OBJC_ISA_USAGE = YES_ERROR;
				CLANG_WARN_DOCUMENTATION_COMMENTS = YES;
				CLANG_WARN_EMPTY_BODY = YES;
				CLANG_WARN_ENUM_CONVERSION = YES;
				CLANG_WARN_INFINITE_RECURSION = YES;
				CLANG_WARN_INT_CONVERSION = YES;
				CLANG_WARN_NON_LITERAL_NULL_CONVERSION = YES;
				CLANG_WARN_OBJC_IMPLICIT_RETAIN_SELF = YES;
				CLANG_WARN_OBJC_LITERAL_CONVERSION = YES;
				CLANG_WARN_OBJC_ROOT_CLASS = YES_ERROR;
				CLANG_WARN_QUOTED_INCLUDE_IN_FRAMEWORK_HEADER = YES;
				CLANG_WARN_RANGE_LOOP_ANALYSIS = YES;
				CLANG_WARN_STRICT_PROTOTYPES = YES;
				CLANG_WARN_SUSPICIOUS_MOVE = YES;
				CLANG_WARN_UNGUARDED_AVAILABILITY = YES_AGGRESSIVE;
				CLANG_WARN_UNREACHABLE_CODE = YES;
				CLANG_WARN__DUPLICATE_METHOD_MATCH = YES;
				COPY_PHASE_STRIP = NO;
				DEBUG_INFORMATION_FORMAT = "dwarf-with-dsym";
				ENABLE_NS_ASSERTIONS = NO;
				ENABLE_STRICT_OBJC_MSGSEND = YES;
				GCC_C_LANGUAGE_STANDARD = gnu11;
				GCC_NO_COMMON_BLOCKS = YES;
				GCC_WARN_64_TO_32_BIT_CONVERSION = YES;
				GCC_WARN_ABOUT_RETURN_TYPE = YES_ERROR;
				GCC_WARN_UNDECLARED_SELECTOR = YES;
				GCC_WARN_UNINITIALIZED_AUTOS = YES_AGGRESSIVE;
				GCC_WARN_UNUSED_FUNCTION = YES;
				GCC_WARN_UNUSED_VARIABLE = YES;
				IPHONEOS_DEPLOYMENT_TARGET = 14.5;
				MTL_ENABLE_DEBUG_INFO = NO;
				MTL_FAST_MATH = YES;
				SDKROOT = iphoneos;
				SWIFT_COMPILATION_MODE = wholemodule;
				SWIFT_OPTIMIZATION_LEVEL = "-O";
				VALIDATE_PRODUCT = YES;
			};
			name = Release;
		};
		3BAEEFBA265E9BC70006E415 /* Debug */ = {
			isa = XCBuildConfiguration;
			buildSettings = {
				ASSETCATALOG_COMPILER_APPICON_NAME = AppIcon;
				ASSETCATALOG_COMPILER_GLOBAL_ACCENT_COLOR_NAME = AccentColor;
				CODE_SIGN_STYLE = Automatic;
				DEVELOPMENT_ASSET_PATHS = "\"ProjectSY2/Preview Content\"";
				DEVELOPMENT_TEAM = 7Y2V53HBZ8;
				ENABLE_PREVIEWS = YES;
				INFOPLIST_FILE = ProjectSY2/Info.plist;
				IPHONEOS_DEPLOYMENT_TARGET = 14.0;
				LD_RUNPATH_SEARCH_PATHS = (
					"$(inherited)",
					"@executable_path/Frameworks",
				);
				PRODUCT_BUNDLE_IDENTIFIER = ca.yiyao.ProjectSY2;
				PRODUCT_NAME = "$(TARGET_NAME)";
				SWIFT_VERSION = 5.0;
				TARGETED_DEVICE_FAMILY = "1,2";
			};
			name = Debug;
		};
		3BAEEFBB265E9BC70006E415 /* Release */ = {
			isa = XCBuildConfiguration;
			buildSettings = {
				ASSETCATALOG_COMPILER_APPICON_NAME = AppIcon;
				ASSETCATALOG_COMPILER_GLOBAL_ACCENT_COLOR_NAME = AccentColor;
				CODE_SIGN_STYLE = Automatic;
				DEVELOPMENT_ASSET_PATHS = "\"ProjectSY2/Preview Content\"";
				DEVELOPMENT_TEAM = 7Y2V53HBZ8;
				ENABLE_PREVIEWS = YES;
				INFOPLIST_FILE = ProjectSY2/Info.plist;
				IPHONEOS_DEPLOYMENT_TARGET = 14.0;
				LD_RUNPATH_SEARCH_PATHS = (
					"$(inherited)",
					"@executable_path/Frameworks",
				);
				PRODUCT_BUNDLE_IDENTIFIER = ca.yiyao.ProjectSY2;
				PRODUCT_NAME = "$(TARGET_NAME)";
				SWIFT_VERSION = 5.0;
				TARGETED_DEVICE_FAMILY = "1,2";
			};
			name = Release;
		};
		3BAEEFBD265E9BC70006E415 /* Debug */ = {
			isa = XCBuildConfiguration;
			buildSettings = {
				ALWAYS_EMBED_SWIFT_STANDARD_LIBRARIES = YES;
				BUNDLE_LOADER = "$(TEST_HOST)";
				CODE_SIGN_STYLE = Automatic;
				DEVELOPMENT_TEAM = 7Y2V53HBZ8;
				INFOPLIST_FILE = ProjectSY2Tests/Info.plist;
				IPHONEOS_DEPLOYMENT_TARGET = 14.0;
				LD_RUNPATH_SEARCH_PATHS = (
					"$(inherited)",
					"@executable_path/Frameworks",
					"@loader_path/Frameworks",
				);
				PRODUCT_BUNDLE_IDENTIFIER = ca.yiyao.ProjectSY2Tests;
				PRODUCT_NAME = "$(TARGET_NAME)";
				SWIFT_VERSION = 5.0;
				TARGETED_DEVICE_FAMILY = "1,2";
				TEST_HOST = "$(BUILT_PRODUCTS_DIR)/ProjectSY2.app/ProjectSY2";
			};
			name = Debug;
		};
		3BAEEFBE265E9BC70006E415 /* Release */ = {
			isa = XCBuildConfiguration;
			buildSettings = {
				ALWAYS_EMBED_SWIFT_STANDARD_LIBRARIES = YES;
				BUNDLE_LOADER = "$(TEST_HOST)";
				CODE_SIGN_STYLE = Automatic;
				DEVELOPMENT_TEAM = 7Y2V53HBZ8;
				INFOPLIST_FILE = ProjectSY2Tests/Info.plist;
				IPHONEOS_DEPLOYMENT_TARGET = 14.0;
				LD_RUNPATH_SEARCH_PATHS = (
					"$(inherited)",
					"@executable_path/Frameworks",
					"@loader_path/Frameworks",
				);
				PRODUCT_BUNDLE_IDENTIFIER = ca.yiyao.ProjectSY2Tests;
				PRODUCT_NAME = "$(TARGET_NAME)";
				SWIFT_VERSION = 5.0;
				TARGETED_DEVICE_FAMILY = "1,2";
				TEST_HOST = "$(BUILT_PRODUCTS_DIR)/ProjectSY2.app/ProjectSY2";
			};
			name = Release;
		};
		3BAEEFC0265E9BC70006E415 /* Debug */ = {
			isa = XCBuildConfiguration;
			buildSettings = {
				ALWAYS_EMBED_SWIFT_STANDARD_LIBRARIES = YES;
				CODE_SIGN_STYLE = Automatic;
				DEVELOPMENT_TEAM = 7Y2V53HBZ8;
				INFOPLIST_FILE = ProjectSY2UITests/Info.plist;
				LD_RUNPATH_SEARCH_PATHS = (
					"$(inherited)",
					"@executable_path/Frameworks",
					"@loader_path/Frameworks",
				);
				PRODUCT_BUNDLE_IDENTIFIER = ca.yiyao.ProjectSY2UITests;
				PRODUCT_NAME = "$(TARGET_NAME)";
				SWIFT_VERSION = 5.0;
				TARGETED_DEVICE_FAMILY = "1,2";
				TEST_TARGET_NAME = ProjectSY2;
			};
			name = Debug;
		};
		3BAEEFC1265E9BC70006E415 /* Release */ = {
			isa = XCBuildConfiguration;
			buildSettings = {
				ALWAYS_EMBED_SWIFT_STANDARD_LIBRARIES = YES;
				CODE_SIGN_STYLE = Automatic;
				DEVELOPMENT_TEAM = 7Y2V53HBZ8;
				INFOPLIST_FILE = ProjectSY2UITests/Info.plist;
				LD_RUNPATH_SEARCH_PATHS = (
					"$(inherited)",
					"@executable_path/Frameworks",
					"@loader_path/Frameworks",
				);
				PRODUCT_BUNDLE_IDENTIFIER = ca.yiyao.ProjectSY2UITests;
				PRODUCT_NAME = "$(TARGET_NAME)";
				SWIFT_VERSION = 5.0;
				TARGETED_DEVICE_FAMILY = "1,2";
				TEST_TARGET_NAME = ProjectSY2;
			};
			name = Release;
		};
/* End XCBuildConfiguration section */

/* Begin XCConfigurationList section */
		3BAEEF8A265E9BC40006E415 /* Build configuration list for PBXProject "ProjectSY2" */ = {
			isa = XCConfigurationList;
			buildConfigurations = (
				3BAEEFB7265E9BC70006E415 /* Debug */,
				3BAEEFB8265E9BC70006E415 /* Release */,
			);
			defaultConfigurationIsVisible = 0;
			defaultConfigurationName = Release;
		};
		3BAEEFB9265E9BC70006E415 /* Build configuration list for PBXNativeTarget "ProjectSY2" */ = {
			isa = XCConfigurationList;
			buildConfigurations = (
				3BAEEFBA265E9BC70006E415 /* Debug */,
				3BAEEFBB265E9BC70006E415 /* Release */,
			);
			defaultConfigurationIsVisible = 0;
			defaultConfigurationName = Release;
		};
		3BAEEFBC265E9BC70006E415 /* Build configuration list for PBXNativeTarget "ProjectSY2Tests" */ = {
			isa = XCConfigurationList;
			buildConfigurations = (
				3BAEEFBD265E9BC70006E415 /* Debug */,
				3BAEEFBE265E9BC70006E415 /* Release */,
			);
			defaultConfigurationIsVisible = 0;
			defaultConfigurationName = Release;
		};
		3BAEEFBF265E9BC70006E415 /* Build configuration list for PBXNativeTarget "ProjectSY2UITests" */ = {
			isa = XCConfigurationList;
			buildConfigurations = (
				3BAEEFC0265E9BC70006E415 /* Debug */,
				3BAEEFC1265E9BC70006E415 /* Release */,
			);
			defaultConfigurationIsVisible = 0;
			defaultConfigurationName = Release;
		};
/* End XCConfigurationList section */

/* Begin XCVersionGroup section */
		3BAEEF9D265E9BC70006E415 /* ProjectSY2.xcdatamodeld */ = {
			isa = XCVersionGroup;
			children = (
				3BAEEF9E265E9BC70006E415 /* ProjectSY2.xcdatamodel */,
			);
			currentVersion = 3BAEEF9E265E9BC70006E415 /* ProjectSY2.xcdatamodel */;
			path = ProjectSY2.xcdatamodeld;
			sourceTree = "<group>";
			versionGroupType = wrapper.xcdatamodel;
		};
/* End XCVersionGroup section */
	};
	rootObject = 3BAEEF87265E9BC40006E415 /* Project object */;
}
